// !$*UTF8*$!
{
	archiveVersion = 1;
	classes = {
	};
	objectVersion = 50;
	objects = {

/* Begin PBXBuildFile section */
		751EEAE9238C4C1900FC99B8 /* AppDelegate.swift in Sources */ = {isa = PBXBuildFile; fileRef = 751EEAE8238C4C1900FC99B8 /* AppDelegate.swift */; };
		751EEAED238C4C1900FC99B8 /* PlaceViewController.swift in Sources */ = {isa = PBXBuildFile; fileRef = 751EEAEC238C4C1900FC99B8 /* PlaceViewController.swift */; };
		751EEAF2238C4C1C00FC99B8 /* Assets.xcassets in Resources */ = {isa = PBXBuildFile; fileRef = 751EEAF1238C4C1C00FC99B8 /* Assets.xcassets */; };
		751EEAF5238C4C1C00FC99B8 /* LaunchScreen.storyboard in Resources */ = {isa = PBXBuildFile; fileRef = 751EEAF3238C4C1C00FC99B8 /* LaunchScreen.storyboard */; };
		751EEB00238C4C1C00FC99B8 /* AviasalesTests.swift in Sources */ = {isa = PBXBuildFile; fileRef = 751EEAFF238C4C1C00FC99B8 /* AviasalesTests.swift */; };
		7525DFD3238D187A00CC6FA5 /* MapViewController.swift in Sources */ = {isa = PBXBuildFile; fileRef = 7525DFD2238D187A00CC6FA5 /* MapViewController.swift */; };
		7525DFD5238D199100CC6FA5 /* PlaceTableAdapter.swift in Sources */ = {isa = PBXBuildFile; fileRef = 7525DFD4238D199100CC6FA5 /* PlaceTableAdapter.swift */; };
		7525DFD7238D5B2E00CC6FA5 /* PlaceService.swift in Sources */ = {isa = PBXBuildFile; fileRef = 7525DFD6238D5B2E00CC6FA5 /* PlaceService.swift */; };
		7525DFD9238D5D7200CC6FA5 /* PlaceTableViewCell.swift in Sources */ = {isa = PBXBuildFile; fileRef = 7525DFD8238D5D7200CC6FA5 /* PlaceTableViewCell.swift */; };
		7525DFDB238D5DE900CC6FA5 /* Configurable.swift in Sources */ = {isa = PBXBuildFile; fileRef = 7525DFDA238D5DE900CC6FA5 /* Configurable.swift */; };
		7525DFDD238D6D7300CC6FA5 /* PlainPlace.swift in Sources */ = {isa = PBXBuildFile; fileRef = 7525DFDC238D6D7300CC6FA5 /* PlainPlace.swift */; };
		7542783F2392D347000BC25A /* MapViewAdapter.swift in Sources */ = {isa = PBXBuildFile; fileRef = 7542783E2392D347000BC25A /* MapViewAdapter.swift */; };
		755CEFF123907A1F00EB0E0E /* PlaceAnnotation.swift in Sources */ = {isa = PBXBuildFile; fileRef = 755CEFF023907A1F00EB0E0E /* PlaceAnnotation.swift */; };
		757B98FD239584CA00ADA019 /* MapViewPresenter.swift in Sources */ = {isa = PBXBuildFile; fileRef = 757B98FC239584CA00ADA019 /* MapViewPresenter.swift */; };
		757B98FF2395911E00ADA019 /* PlaceViewPresenter.swift in Sources */ = {isa = PBXBuildFile; fileRef = 757B98FE2395911E00ADA019 /* PlaceViewPresenter.swift */; };
		7586E25B239550D100AC02C5 /* MockPlaceServiceDelegate.swift in Sources */ = {isa = PBXBuildFile; fileRef = 7586E25A239550D100AC02C5 /* MockPlaceServiceDelegate.swift */; };
		7586E25E23955AD700AC02C5 /* NetworkClient.swift in Sources */ = {isa = PBXBuildFile; fileRef = 7586E25D23955AD700AC02C5 /* NetworkClient.swift */; };
		7586E26023955E9F00AC02C5 /* MockNetworkClient.swift in Sources */ = {isa = PBXBuildFile; fileRef = 7586E25F23955E9E00AC02C5 /* MockNetworkClient.swift */; };
		759FF03D239038F700A03FA2 /* PlaceAnnotationView.swift in Sources */ = {isa = PBXBuildFile; fileRef = 759FF03C239038F700A03FA2 /* PlaceAnnotationView.swift */; };
		759FF04123903FF700A03FA2 /* PlaneAnnotationView.swift in Sources */ = {isa = PBXBuildFile; fileRef = 759FF04023903FF700A03FA2 /* PlaneAnnotationView.swift */; };
/* End PBXBuildFile section */

/* Begin PBXContainerItemProxy section */
		751EEAFC238C4C1C00FC99B8 /* PBXContainerItemProxy */ = {
			isa = PBXContainerItemProxy;
			containerPortal = 751EEADD238C4C1900FC99B8 /* Project object */;
			proxyType = 1;
			remoteGlobalIDString = 751EEAE4238C4C1900FC99B8;
			remoteInfo = Aviasales;
		};
/* End PBXContainerItemProxy section */

/* Begin PBXFileReference section */
		751EEAE5238C4C1900FC99B8 /* Aviasales.app */ = {isa = PBXFileReference; explicitFileType = wrapper.application; includeInIndex = 0; path = Aviasales.app; sourceTree = BUILT_PRODUCTS_DIR; };
		751EEAE8238C4C1900FC99B8 /* AppDelegate.swift */ = {isa = PBXFileReference; lastKnownFileType = sourcecode.swift; path = AppDelegate.swift; sourceTree = "<group>"; };
		751EEAEC238C4C1900FC99B8 /* PlaceViewController.swift */ = {isa = PBXFileReference; lastKnownFileType = sourcecode.swift; path = PlaceViewController.swift; sourceTree = "<group>"; };
		751EEAF1238C4C1C00FC99B8 /* Assets.xcassets */ = {isa = PBXFileReference; lastKnownFileType = folder.assetcatalog; path = Assets.xcassets; sourceTree = "<group>"; };
		751EEAF4238C4C1C00FC99B8 /* Base */ = {isa = PBXFileReference; lastKnownFileType = file.storyboard; name = Base; path = Base.lproj/LaunchScreen.storyboard; sourceTree = "<group>"; };
		751EEAF6238C4C1C00FC99B8 /* Info.plist */ = {isa = PBXFileReference; lastKnownFileType = text.plist.xml; path = Info.plist; sourceTree = "<group>"; };
		751EEAFB238C4C1C00FC99B8 /* AviasalesTests.xctest */ = {isa = PBXFileReference; explicitFileType = wrapper.cfbundle; includeInIndex = 0; path = AviasalesTests.xctest; sourceTree = BUILT_PRODUCTS_DIR; };
		751EEAFF238C4C1C00FC99B8 /* AviasalesTests.swift */ = {isa = PBXFileReference; lastKnownFileType = sourcecode.swift; path = AviasalesTests.swift; sourceTree = "<group>"; };
		751EEB01238C4C1C00FC99B8 /* Info.plist */ = {isa = PBXFileReference; lastKnownFileType = text.plist.xml; path = Info.plist; sourceTree = "<group>"; };
		7525DFD2238D187A00CC6FA5 /* MapViewController.swift */ = {isa = PBXFileReference; lastKnownFileType = sourcecode.swift; path = MapViewController.swift; sourceTree = "<group>"; };
		7525DFD4238D199100CC6FA5 /* PlaceTableAdapter.swift */ = {isa = PBXFileReference; lastKnownFileType = sourcecode.swift; path = PlaceTableAdapter.swift; sourceTree = "<group>"; };
		7525DFD6238D5B2E00CC6FA5 /* PlaceService.swift */ = {isa = PBXFileReference; lastKnownFileType = sourcecode.swift; path = PlaceService.swift; sourceTree = "<group>"; };
		7525DFD8238D5D7200CC6FA5 /* PlaceTableViewCell.swift */ = {isa = PBXFileReference; lastKnownFileType = sourcecode.swift; path = PlaceTableViewCell.swift; sourceTree = "<group>"; };
		7525DFDA238D5DE900CC6FA5 /* Configurable.swift */ = {isa = PBXFileReference; lastKnownFileType = sourcecode.swift; path = Configurable.swift; sourceTree = "<group>"; };
		7525DFDC238D6D7300CC6FA5 /* PlainPlace.swift */ = {isa = PBXFileReference; lastKnownFileType = sourcecode.swift; path = PlainPlace.swift; sourceTree = "<group>"; };
		7542783E2392D347000BC25A /* MapViewAdapter.swift */ = {isa = PBXFileReference; lastKnownFileType = sourcecode.swift; path = MapViewAdapter.swift; sourceTree = "<group>"; };
		755CEFF023907A1F00EB0E0E /* PlaceAnnotation.swift */ = {isa = PBXFileReference; lastKnownFileType = sourcecode.swift; path = PlaceAnnotation.swift; sourceTree = "<group>"; };
		757B98FC239584CA00ADA019 /* MapViewPresenter.swift */ = {isa = PBXFileReference; lastKnownFileType = sourcecode.swift; path = MapViewPresenter.swift; sourceTree = "<group>"; };
		757B98FE2395911E00ADA019 /* PlaceViewPresenter.swift */ = {isa = PBXFileReference; lastKnownFileType = sourcecode.swift; path = PlaceViewPresenter.swift; sourceTree = "<group>"; };
		7586E25A239550D100AC02C5 /* MockPlaceServiceDelegate.swift */ = {isa = PBXFileReference; lastKnownFileType = sourcecode.swift; path = MockPlaceServiceDelegate.swift; sourceTree = "<group>"; };
		7586E25D23955AD700AC02C5 /* NetworkClient.swift */ = {isa = PBXFileReference; fileEncoding = 4; lastKnownFileType = sourcecode.swift; path = NetworkClient.swift; sourceTree = "<group>"; };
		7586E25F23955E9E00AC02C5 /* MockNetworkClient.swift */ = {isa = PBXFileReference; fileEncoding = 4; lastKnownFileType = sourcecode.swift; path = MockNetworkClient.swift; sourceTree = "<group>"; };
		759FF03C239038F700A03FA2 /* PlaceAnnotationView.swift */ = {isa = PBXFileReference; lastKnownFileType = sourcecode.swift; path = PlaceAnnotationView.swift; sourceTree = "<group>"; };
		759FF04023903FF700A03FA2 /* PlaneAnnotationView.swift */ = {isa = PBXFileReference; lastKnownFileType = sourcecode.swift; path = PlaneAnnotationView.swift; sourceTree = "<group>"; };
/* End PBXFileReference section */

/* Begin PBXFrameworksBuildPhase section */
		751EEAE2238C4C1900FC99B8 /* Frameworks */ = {
			isa = PBXFrameworksBuildPhase;
			buildActionMask = 2147483647;
			files = (
			);
			runOnlyForDeploymentPostprocessing = 0;
		};
		751EEAF8238C4C1C00FC99B8 /* Frameworks */ = {
			isa = PBXFrameworksBuildPhase;
			buildActionMask = 2147483647;
			files = (
			);
			runOnlyForDeploymentPostprocessing = 0;
		};
/* End PBXFrameworksBuildPhase section */

/* Begin PBXGroup section */
		751EEADC238C4C1900FC99B8 = {
			isa = PBXGroup;
			children = (
				751EEAE7238C4C1900FC99B8 /* Aviasales */,
				751EEAFE238C4C1C00FC99B8 /* AviasalesTests */,
				751EEAE6238C4C1900FC99B8 /* Products */,
			);
			sourceTree = "<group>";
		};
		751EEAE6238C4C1900FC99B8 /* Products */ = {
			isa = PBXGroup;
			children = (
				751EEAE5238C4C1900FC99B8 /* Aviasales.app */,
				751EEAFB238C4C1C00FC99B8 /* AviasalesTests.xctest */,
			);
			name = Products;
			sourceTree = "<group>";
		};
		751EEAE7238C4C1900FC99B8 /* Aviasales */ = {
			isa = PBXGroup;
			children = (
				7584BE1823953D7600A3148C /* ApplicationLayer */,
				7584BE1323953CDC00A3148C /* PresentationLayer */,
				7584BE1623953D2F00A3148C /* BusinessLogicLayer */,
				7586E25C23955AB400AC02C5 /* CoreLayer */,
				7584BE1723953D6000A3148C /* Extension */,
				751EEAF3238C4C1C00FC99B8 /* LaunchScreen.storyboard */,
				751EEAF6238C4C1C00FC99B8 /* Info.plist */,
				751EEAF1238C4C1C00FC99B8 /* Assets.xcassets */,
			);
			path = Aviasales;
			sourceTree = "<group>";
		};
		751EEAFE238C4C1C00FC99B8 /* AviasalesTests */ = {
			isa = PBXGroup;
			children = (
				751EEAFF238C4C1C00FC99B8 /* AviasalesTests.swift */,
				7586E25A239550D100AC02C5 /* MockPlaceServiceDelegate.swift */,
				7586E25F23955E9E00AC02C5 /* MockNetworkClient.swift */,
				751EEB01238C4C1C00FC99B8 /* Info.plist */,
			);
			path = AviasalesTests;
			sourceTree = "<group>";
		};
		7584BE1323953CDC00A3148C /* PresentationLayer */ = {
			isa = PBXGroup;
			children = (
				7584BE1423953CEC00A3148C /* PlaceView */,
				7584BE1523953D1900A3148C /* MapView */,
			);
			path = PresentationLayer;
			sourceTree = "<group>";
		};
		7584BE1423953CEC00A3148C /* PlaceView */ = {
			isa = PBXGroup;
			children = (
				757B98FE2395911E00ADA019 /* PlaceViewPresenter.swift */,
				751EEAEC238C4C1900FC99B8 /* PlaceViewController.swift */,
				7525DFD4238D199100CC6FA5 /* PlaceTableAdapter.swift */,
				759FF03C239038F700A03FA2 /* PlaceAnnotationView.swift */,
				755CEFF023907A1F00EB0E0E /* PlaceAnnotation.swift */,
				7525DFD8238D5D7200CC6FA5 /* PlaceTableViewCell.swift */,
				7525DFDC238D6D7300CC6FA5 /* PlainPlace.swift */,
			);
			path = PlaceView;
			sourceTree = "<group>";
		};
		7584BE1523953D1900A3148C /* MapView */ = {
			isa = PBXGroup;
			children = (
				757B98FC239584CA00ADA019 /* MapViewPresenter.swift */,
				7525DFD2238D187A00CC6FA5 /* MapViewController.swift */,
				7542783E2392D347000BC25A /* MapViewAdapter.swift */,
				759FF04023903FF700A03FA2 /* PlaneAnnotationView.swift */,
			);
			path = MapView;
			sourceTree = "<group>";
		};
		7584BE1623953D2F00A3148C /* BusinessLogicLayer */ = {
			isa = PBXGroup;
			children = (
				7525DFD6238D5B2E00CC6FA5 /* PlaceService.swift */,
			);
			path = BusinessLogicLayer;
			sourceTree = "<group>";
		};
		7584BE1723953D6000A3148C /* Extension */ = {
			isa = PBXGroup;
			children = (
				7525DFDA238D5DE900CC6FA5 /* Configurable.swift */,
			);
			path = Extension;
			sourceTree = "<group>";
		};
		7584BE1823953D7600A3148C /* ApplicationLayer */ = {
			isa = PBXGroup;
			children = (
				751EEAE8238C4C1900FC99B8 /* AppDelegate.swift */,
			);
			path = ApplicationLayer;
			sourceTree = "<group>";
		};
		7586E25C23955AB400AC02C5 /* CoreLayer */ = {
			isa = PBXGroup;
			children = (
				7586E25D23955AD700AC02C5 /* NetworkClient.swift */,
			);
			path = CoreLayer;
			sourceTree = "<group>";
		};
/* End PBXGroup section */

/* Begin PBXNativeTarget section */
		751EEAE4238C4C1900FC99B8 /* Aviasales */ = {
			isa = PBXNativeTarget;
			buildConfigurationList = 751EEB04238C4C1C00FC99B8 /* Build configuration list for PBXNativeTarget "Aviasales" */;
			buildPhases = (
				751EEAE1238C4C1900FC99B8 /* Sources */,
				751EEAE2238C4C1900FC99B8 /* Frameworks */,
				751EEAE3238C4C1900FC99B8 /* Resources */,
			);
			buildRules = (
			);
			dependencies = (
			);
			name = Aviasales;
			productName = Aviasales;
			productReference = 751EEAE5238C4C1900FC99B8 /* Aviasales.app */;
			productType = "com.apple.product-type.application";
		};
		751EEAFA238C4C1C00FC99B8 /* AviasalesTests */ = {
			isa = PBXNativeTarget;
			buildConfigurationList = 751EEB07238C4C1C00FC99B8 /* Build configuration list for PBXNativeTarget "AviasalesTests" */;
			buildPhases = (
				751EEAF7238C4C1C00FC99B8 /* Sources */,
				751EEAF8238C4C1C00FC99B8 /* Frameworks */,
				751EEAF9238C4C1C00FC99B8 /* Resources */,
			);
			buildRules = (
			);
			dependencies = (
				751EEAFD238C4C1C00FC99B8 /* PBXTargetDependency */,
			);
			name = AviasalesTests;
			productName = AviasalesTests;
			productReference = 751EEAFB238C4C1C00FC99B8 /* AviasalesTests.xctest */;
			productType = "com.apple.product-type.bundle.unit-test";
		};
/* End PBXNativeTarget section */

/* Begin PBXProject section */
		751EEADD238C4C1900FC99B8 /* Project object */ = {
			isa = PBXProject;
			attributes = {
				LastSwiftUpdateCheck = 1120;
				LastUpgradeCheck = 1120;
				ORGANIZATIONNAME = "Blashkin Georgiy";
				TargetAttributes = {
					751EEAE4238C4C1900FC99B8 = {
						CreatedOnToolsVersion = 11.2;
					};
					751EEAFA238C4C1C00FC99B8 = {
						CreatedOnToolsVersion = 11.2;
						TestTargetID = 751EEAE4238C4C1900FC99B8;
					};
				};
			};
			buildConfigurationList = 751EEAE0238C4C1900FC99B8 /* Build configuration list for PBXProject "Aviasales" */;
			compatibilityVersion = "Xcode 9.3";
			developmentRegion = en;
			hasScannedForEncodings = 0;
			knownRegions = (
				en,
				Base,
			);
			mainGroup = 751EEADC238C4C1900FC99B8;
			productRefGroup = 751EEAE6238C4C1900FC99B8 /* Products */;
			projectDirPath = "";
			projectRoot = "";
			targets = (
				751EEAE4238C4C1900FC99B8 /* Aviasales */,
				751EEAFA238C4C1C00FC99B8 /* AviasalesTests */,
			);
		};
/* End PBXProject section */

/* Begin PBXResourcesBuildPhase section */
		751EEAE3238C4C1900FC99B8 /* Resources */ = {
			isa = PBXResourcesBuildPhase;
			buildActionMask = 2147483647;
			files = (
				751EEAF5238C4C1C00FC99B8 /* LaunchScreen.storyboard in Resources */,
				751EEAF2238C4C1C00FC99B8 /* Assets.xcassets in Resources */,
			);
			runOnlyForDeploymentPostprocessing = 0;
		};
		751EEAF9238C4C1C00FC99B8 /* Resources */ = {
			isa = PBXResourcesBuildPhase;
			buildActionMask = 2147483647;
			files = (
			);
			runOnlyForDeploymentPostprocessing = 0;
		};
/* End PBXResourcesBuildPhase section */

/* Begin PBXSourcesBuildPhase section */
		751EEAE1238C4C1900FC99B8 /* Sources */ = {
			isa = PBXSourcesBuildPhase;
			buildActionMask = 2147483647;
			files = (
				757B98FF2395911E00ADA019 /* PlaceViewPresenter.swift in Sources */,
				751EEAED238C4C1900FC99B8 /* PlaceViewController.swift in Sources */,
				7525DFDB238D5DE900CC6FA5 /* Configurable.swift in Sources */,
				759FF03D239038F700A03FA2 /* PlaceAnnotationView.swift in Sources */,
				755CEFF123907A1F00EB0E0E /* PlaceAnnotation.swift in Sources */,
				7586E25E23955AD700AC02C5 /* NetworkClient.swift in Sources */,
				7525DFD9238D5D7200CC6FA5 /* PlaceTableViewCell.swift in Sources */,
				7542783F2392D347000BC25A /* MapViewAdapter.swift in Sources */,
				7525DFDD238D6D7300CC6FA5 /* PlainPlace.swift in Sources */,
				757B98FD239584CA00ADA019 /* MapViewPresenter.swift in Sources */,
				751EEAE9238C4C1900FC99B8 /* AppDelegate.swift in Sources */,
				759FF04123903FF700A03FA2 /* PlaneAnnotationView.swift in Sources */,
				7525DFD7238D5B2E00CC6FA5 /* PlaceService.swift in Sources */,
				7525DFD5238D199100CC6FA5 /* PlaceTableAdapter.swift in Sources */,
				7525DFD3238D187A00CC6FA5 /* MapViewController.swift in Sources */,
			);
			runOnlyForDeploymentPostprocessing = 0;
		};
		751EEAF7238C4C1C00FC99B8 /* Sources */ = {
			isa = PBXSourcesBuildPhase;
			buildActionMask = 2147483647;
			files = (
				7586E25B239550D100AC02C5 /* MockPlaceServiceDelegate.swift in Sources */,
				7586E26023955E9F00AC02C5 /* MockNetworkClient.swift in Sources */,
				751EEB00238C4C1C00FC99B8 /* AviasalesTests.swift in Sources */,
			);
			runOnlyForDeploymentPostprocessing = 0;
		};
/* End PBXSourcesBuildPhase section */

/* Begin PBXTargetDependency section */
		751EEAFD238C4C1C00FC99B8 /* PBXTargetDependency */ = {
			isa = PBXTargetDependency;
			target = 751EEAE4238C4C1900FC99B8 /* Aviasales */;
			targetProxy = 751EEAFC238C4C1C00FC99B8 /* PBXContainerItemProxy */;
		};
/* End PBXTargetDependency section */

/* Begin PBXVariantGroup section */
		751EEAF3238C4C1C00FC99B8 /* LaunchScreen.storyboard */ = {
			isa = PBXVariantGroup;
			children = (
				751EEAF4238C4C1C00FC99B8 /* Base */,
			);
			name = LaunchScreen.storyboard;
			sourceTree = "<group>";
		};
/* End PBXVariantGroup section */

/* Begin XCBuildConfiguration section */
		751EEB02238C4C1C00FC99B8 /* Debug */ = {
			isa = XCBuildConfiguration;
			buildSettings = {
				ALWAYS_SEARCH_USER_PATHS = NO;
				CLANG_ANALYZER_LOCALIZABILITY_NONLOCALIZED = YES;
				CLANG_ANALYZER_NONNULL = YES;
				CLANG_ANALYZER_NUMBER_OBJECT_CONVERSION = YES_AGGRESSIVE;
				CLANG_CXX_LANGUAGE_STANDARD = "gnu++14";
				CLANG_CXX_LIBRARY = "libc++";
				CLANG_ENABLE_MODULES = YES;
				CLANG_ENABLE_OBJC_ARC = YES;
				CLANG_ENABLE_OBJC_WEAK = YES;
				CLANG_WARN_BLOCK_CAPTURE_AUTORELEASING = YES;
				CLANG_WARN_BOOL_CONVERSION = YES;
				CLANG_WARN_COMMA = YES;
				CLANG_WARN_CONSTANT_CONVERSION = YES;
				CLANG_WARN_DEPRECATED_OBJC_IMPLEMENTATIONS = YES;
				CLANG_WARN_DIRECT_OBJC_ISA_USAGE = YES_ERROR;
				CLANG_WARN_DOCUMENTATION_COMMENTS = YES;
				CLANG_WARN_EMPTY_BODY = YES;
				CLANG_WARN_ENUM_CONVERSION = YES;
				CLANG_WARN_INFINITE_RECURSION = YES;
				CLANG_WARN_INT_CONVERSION = YES;
				CLANG_WARN_NON_LITERAL_NULL_CONVERSION = YES;
				CLANG_WARN_OBJC_IMPLICIT_RETAIN_SELF = YES;
				CLANG_WARN_OBJC_LITERAL_CONVERSION = YES;
				CLANG_WARN_OBJC_ROOT_CLASS = YES_ERROR;
				CLANG_WARN_RANGE_LOOP_ANALYSIS = YES;
				CLANG_WARN_STRICT_PROTOTYPES = YES;
				CLANG_WARN_SUSPICIOUS_MOVE = YES;
				CLANG_WARN_UNGUARDED_AVAILABILITY = YES_AGGRESSIVE;
				CLANG_WARN_UNREACHABLE_CODE = YES;
				CLANG_WARN__DUPLICATE_METHOD_MATCH = YES;
				COPY_PHASE_STRIP = NO;
				DEBUG_INFORMATION_FORMAT = dwarf;
				ENABLE_STRICT_OBJC_MSGSEND = YES;
				ENABLE_TESTABILITY = YES;
				GCC_C_LANGUAGE_STANDARD = gnu11;
				GCC_DYNAMIC_NO_PIC = NO;
				GCC_NO_COMMON_BLOCKS = YES;
				GCC_OPTIMIZATION_LEVEL = 0;
				GCC_PREPROCESSOR_DEFINITIONS = (
					"DEBUG=1",
					"$(inherited)",
				);
				GCC_WARN_64_TO_32_BIT_CONVERSION = YES;
				GCC_WARN_ABOUT_RETURN_TYPE = YES_ERROR;
				GCC_WARN_UNDECLARED_SELECTOR = YES;
				GCC_WARN_UNINITIALIZED_AUTOS = YES_AGGRESSIVE;
				GCC_WARN_UNUSED_FUNCTION = YES;
				GCC_WARN_UNUSED_VARIABLE = YES;
				IPHONEOS_DEPLOYMENT_TARGET = 11.0;
				MTL_ENABLE_DEBUG_INFO = INCLUDE_SOURCE;
				MTL_FAST_MATH = YES;
				ONLY_ACTIVE_ARCH = YES;
				SDKROOT = iphoneos;
				SWIFT_ACTIVE_COMPILATION_CONDITIONS = DEBUG;
				SWIFT_OPTIMIZATION_LEVEL = "-Onone";
			};
			name = Debug;
		};
		751EEB03238C4C1C00FC99B8 /* Release */ = {
			isa = XCBuildConfiguration;
			buildSettings = {
				ALWAYS_SEARCH_USER_PATHS = NO;
				CLANG_ANALYZER_LOCALIZABILITY_NONLOCALIZED = YES;
				CLANG_ANALYZER_NONNULL = YES;
				CLANG_ANALYZER_NUMBER_OBJECT_CONVERSION = YES_AGGRESSIVE;
				CLANG_CXX_LANGUAGE_STANDARD = "gnu++14";
				CLANG_CXX_LIBRARY = "libc++";
				CLANG_ENABLE_MODULES = YES;
				CLANG_ENABLE_OBJC_ARC = YES;
				CLANG_ENABLE_OBJC_WEAK = YES;
				CLANG_WARN_BLOCK_CAPTURE_AUTORELEASING = YES;
				CLANG_WARN_BOOL_CONVERSION = YES;
				CLANG_WARN_COMMA = YES;
				CLANG_WARN_CONSTANT_CONVERSION = YES;
				CLANG_WARN_DEPRECATED_OBJC_IMPLEMENTATIONS = YES;
				CLANG_WARN_DIRECT_OBJC_ISA_USAGE = YES_ERROR;
				CLANG_WARN_DOCUMENTATION_COMMENTS = YES;
				CLANG_WARN_EMPTY_BODY = YES;
				CLANG_WARN_ENUM_CONVERSION = YES;
				CLANG_WARN_INFINITE_RECURSION = YES;
				CLANG_WARN_INT_CONVERSION = YES;
				CLANG_WARN_NON_LITERAL_NULL_CONVERSION = YES;
				CLANG_WARN_OBJC_IMPLICIT_RETAIN_SELF = YES;
				CLANG_WARN_OBJC_LITERAL_CONVERSION = YES;
				CLANG_WARN_OBJC_ROOT_CLASS = YES_ERROR;
				CLANG_WARN_RANGE_LOOP_ANALYSIS = YES;
				CLANG_WARN_STRICT_PROTOTYPES = YES;
				CLANG_WARN_SUSPICIOUS_MOVE = YES;
				CLANG_WARN_UNGUARDED_AVAILABILITY = YES_AGGRESSIVE;
				CLANG_WARN_UNREACHABLE_CODE = YES;
				CLANG_WARN__DUPLICATE_METHOD_MATCH = YES;
				COPY_PHASE_STRIP = NO;
				DEBUG_INFORMATION_FORMAT = "dwarf-with-dsym";
				ENABLE_NS_ASSERTIONS = NO;
				ENABLE_STRICT_OBJC_MSGSEND = YES;
				GCC_C_LANGUAGE_STANDARD = gnu11;
				GCC_NO_COMMON_BLOCKS = YES;
				GCC_WARN_64_TO_32_BIT_CONVERSION = YES;
				GCC_WARN_ABOUT_RETURN_TYPE = YES_ERROR;
				GCC_WARN_UNDECLARED_SELECTOR = YES;
				GCC_WARN_UNINITIALIZED_AUTOS = YES_AGGRESSIVE;
				GCC_WARN_UNUSED_FUNCTION = YES;
				GCC_WARN_UNUSED_VARIABLE = YES;
				IPHONEOS_DEPLOYMENT_TARGET = 11.0;
				MTL_ENABLE_DEBUG_INFO = NO;
				MTL_FAST_MATH = YES;
				SDKROOT = iphoneos;
				SWIFT_COMPILATION_MODE = wholemodule;
				SWIFT_OPTIMIZATION_LEVEL = "-O";
				VALIDATE_PRODUCT = YES;
			};
			name = Release;
		};
		751EEB05238C4C1C00FC99B8 /* Debug */ = {
			isa = XCBuildConfiguration;
			buildSettings = {
				ASSETCATALOG_COMPILER_APPICON_NAME = AppIcon;
				CODE_SIGN_STYLE = Automatic;
				DEVELOPMENT_TEAM = Q4878CH2H6;
				INFOPLIST_FILE = Aviasales/Info.plist;
				IPHONEOS_DEPLOYMENT_TARGET = 11.0;
				LD_RUNPATH_SEARCH_PATHS = (
					"$(inherited)",
					"@executable_path/Frameworks",
				);
				PRODUCT_BUNDLE_IDENTIFIER = brusnikin.Aviasales;
				PRODUCT_NAME = "$(TARGET_NAME)";
				SWIFT_VERSION = 5.0;
				TARGETED_DEVICE_FAMILY = "1,2";
			};
			name = Debug;
		};
		751EEB06238C4C1C00FC99B8 /* Release */ = {
			isa = XCBuildConfiguration;
			buildSettings = {
				ASSETCATALOG_COMPILER_APPICON_NAME = AppIcon;
				CODE_SIGN_STYLE = Automatic;
				DEVELOPMENT_TEAM = Q4878CH2H6;
				INFOPLIST_FILE = Aviasales/Info.plist;
				IPHONEOS_DEPLOYMENT_TARGET = 11.0;
				LD_RUNPATH_SEARCH_PATHS = (
					"$(inherited)",
					"@executable_path/Frameworks",
				);
				PRODUCT_BUNDLE_IDENTIFIER = brusnikin.Aviasales;
				PRODUCT_NAME = "$(TARGET_NAME)";
				SWIFT_VERSION = 5.0;
				TARGETED_DEVICE_FAMILY = "1,2";
			};
			name = Release;
		};
		751EEB08238C4C1C00FC99B8 /* Debug */ = {
			isa = XCBuildConfiguration;
			buildSettings = {
				ALWAYS_EMBED_SWIFT_STANDARD_LIBRARIES = YES;
				BUNDLE_LOADER = "$(TEST_HOST)";
				CODE_SIGN_STYLE = Automatic;
				DEVELOPMENT_TEAM = Q4878CH2H6;
				INFOPLIST_FILE = AviasalesTests/Info.plist;
				IPHONEOS_DEPLOYMENT_TARGET = 11.0;
				LD_RUNPATH_SEARCH_PATHS = (
					"$(inherited)",
					"@executable_path/Frameworks",
					"@loader_path/Frameworks",
				);
				PRODUCT_BUNDLE_IDENTIFIER = brusnikin.AviasalesTests;
				PRODUCT_NAME = "$(TARGET_NAME)";
				SWIFT_VERSION = 5.0;
				TARGETED_DEVICE_FAMILY = "1,2";
				TEST_HOST = "$(BUILT_PRODUCTS_DIR)/Aviasales.app/Aviasales";
			};
			name = Debug;
		};
		751EEB09238C4C1C00FC99B8 /* Release */ = {
			isa = XCBuildConfiguration;
			buildSettings = {
				ALWAYS_EMBED_SWIFT_STANDARD_LIBRARIES = YES;
				BUNDLE_LOADER = "$(TEST_HOST)";
				CODE_SIGN_STYLE = Automatic;
				DEVELOPMENT_TEAM = Q4878CH2H6;
				INFOPLIST_FILE = AviasalesTests/Info.plist;
				IPHONEOS_DEPLOYMENT_TARGET = 11.0;
				LD_RUNPATH_SEARCH_PATHS = (
					"$(inherited)",
					"@executable_path/Frameworks",
					"@loader_path/Frameworks",
				);
				PRODUCT_BUNDLE_IDENTIFIER = brusnikin.AviasalesTests;
				PRODUCT_NAME = "$(TARGET_NAME)";
				SWIFT_VERSION = 5.0;
				TARGETED_DEVICE_FAMILY = "1,2";
				TEST_HOST = "$(BUILT_PRODUCTS_DIR)/Aviasales.app/Aviasales";
			};
			name = Release;
		};
/* End XCBuildConfiguration section */

/* Begin XCConfigurationList section */
		751EEAE0238C4C1900FC99B8 /* Build configuration list for PBXProject "Aviasales" */ = {
			isa = XCConfigurationList;
			buildConfigurations = (
				751EEB02238C4C1C00FC99B8 /* Debug */,
				751EEB03238C4C1C00FC99B8 /* Release */,
			);
			defaultConfigurationIsVisible = 0;
			defaultConfigurationName = Release;
		};
		751EEB04238C4C1C00FC99B8 /* Build configuration list for PBXNativeTarget "Aviasales" */ = {
			isa = XCConfigurationList;
			buildConfigurations = (
				751EEB05238C4C1C00FC99B8 /* Debug */,
				751EEB06238C4C1C00FC99B8 /* Release */,
			);
			defaultConfigurationIsVisible = 0;
			defaultConfigurationName = Release;
		};
		751EEB07238C4C1C00FC99B8 /* Build configuration list for PBXNativeTarget "AviasalesTests" */ = {
			isa = XCConfigurationList;
			buildConfigurations = (
				751EEB08238C4C1C00FC99B8 /* Debug */,
				751EEB09238C4C1C00FC99B8 /* Release */,
			);
			defaultConfigurationIsVisible = 0;
			defaultConfigurationName = Release;
		};
/* End XCConfigurationList section */
	};
	rootObject = 751EEADD238C4C1900FC99B8 /* Project object */;
}
